// !$*UTF8*$!
{
	archiveVersion = 1;
	classes = {
	};
	objectVersion = 48;
	objects = {

/* Begin PBXBuildFile section */
		3259B94E1FA399D8009142B7 /* AppDelegate.m in Sources */ = {isa = PBXBuildFile; fileRef = 3259B94D1FA399D8009142B7 /* AppDelegate.m */; };
		3259B9511FA399D8009142B7 /* ViewController.m in Sources */ = {isa = PBXBuildFile; fileRef = 3259B9501FA399D8009142B7 /* ViewController.m */; };
		3259B9541FA399D8009142B7 /* Main.storyboard in Resources */ = {isa = PBXBuildFile; fileRef = 3259B9521FA399D8009142B7 /* Main.storyboard */; };
		3259B9561FA399D8009142B7 /* Assets.xcassets in Resources */ = {isa = PBXBuildFile; fileRef = 3259B9551FA399D8009142B7 /* Assets.xcassets */; };
		3259B9591FA399D8009142B7 /* LaunchScreen.storyboard in Resources */ = {isa = PBXBuildFile; fileRef = 3259B9571FA399D8009142B7 /* LaunchScreen.storyboard */; };
		3259B95C1FA399D8009142B7 /* main.m in Sources */ = {isa = PBXBuildFile; fileRef = 3259B95B1FA399D8009142B7 /* main.m */; };
/* End PBXBuildFile section */

/* Begin PBXFileReference section */
		3259B9491FA399D8009142B7 /* Lesson_22_Push_Notifications.app */ = {isa = PBXFileReference; explicitFileType = wrapper.application; includeInIndex = 0; path = Lesson_22_Push_Notifications.app; sourceTree = BUILT_PRODUCTS_DIR; };
		3259B94C1FA399D8009142B7 /* AppDelegate.h */ = {isa = PBXFileReference; lastKnownFileType = sourcecode.c.h; path = AppDelegate.h; sourceTree = "<group>"; };
		3259B94D1FA399D8009142B7 /* AppDelegate.m */ = {isa = PBXFileReference; lastKnownFileType = sourcecode.c.objc; path = AppDelegate.m; sourceTree = "<group>"; };
		3259B94F1FA399D8009142B7 /* ViewController.h */ = {isa = PBXFileReference; lastKnownFileType = sourcecode.c.h; path = ViewController.h; sourceTree = "<group>"; };
		3259B9501FA399D8009142B7 /* ViewController.m */ = {isa = PBXFileReference; lastKnownFileType = sourcecode.c.objc; path = ViewController.m; sourceTree = "<group>"; };
		3259B9531FA399D8009142B7 /* Base */ = {isa = PBXFileReference; lastKnownFileType = file.storyboard; name = Base; path = Base.lproj/Main.storyboard; sourceTree = "<group>"; };
		3259B9551FA399D8009142B7 /* Assets.xcassets */ = {isa = PBXFileReference; lastKnownFileType = folder.assetcatalog; path = Assets.xcassets; sourceTree = "<group>"; };
		3259B9581FA399D8009142B7 /* Base */ = {isa = PBXFileReference; lastKnownFileType = file.storyboard; name = Base; path = Base.lproj/LaunchScreen.storyboard; sourceTree = "<group>"; };
		3259B95A1FA399D8009142B7 /* Info.plist */ = {isa = PBXFileReference; lastKnownFileType = text.plist.xml; path = Info.plist; sourceTree = "<group>"; };
		3259B95B1FA399D8009142B7 /* main.m */ = {isa = PBXFileReference; lastKnownFileType = sourcecode.c.objc; path = main.m; sourceTree = "<group>"; };
		3259B9631FA39E6E009142B7 /* UserNotifications.framework */ = {isa = PBXFileReference; lastKnownFileType = wrapper.framework; name = UserNotifications.framework; path = System/Library/Frameworks/UserNotifications.framework; sourceTree = SDKROOT; };
/* End PBXFileReference section */

/* Begin PBXFrameworksBuildPhase section */
		3259B9461FA399D8009142B7 /* Frameworks */ = {
			isa = PBXFrameworksBuildPhase;
			buildActionMask = 2147483647;
			files = (
			);
			runOnlyForDeploymentPostprocessing = 0;
		};
/* End PBXFrameworksBuildPhase section */

/* Begin PBXGroup section */
		3259B9401FA399D8009142B7 = {
			isa = PBXGroup;
			children = (
				3259B94B1FA399D8009142B7 /* Lesson_22_Push_Notifications */,
				3259B94A1FA399D8009142B7 /* Products */,
				3259B9621FA39E6E009142B7 /* Frameworks */,
			);
			sourceTree = "<group>";
		};
		3259B94A1FA399D8009142B7 /* Products */ = {
			isa = PBXGroup;
			children = (
				3259B9491FA399D8009142B7 /* Lesson_22_Push_Notifications.app */,
			);
			name = Products;
			sourceTree = "<group>";
		};
		3259B94B1FA399D8009142B7 /* Lesson_22_Push_Notifications */ = {
			isa = PBXGroup;
			children = (
				3259B94C1FA399D8009142B7 /* AppDelegate.h */,
				3259B94D1FA399D8009142B7 /* AppDelegate.m */,
				3259B94F1FA399D8009142B7 /* ViewController.h */,
				3259B9501FA399D8009142B7 /* ViewController.m */,
				3259B9521FA399D8009142B7 /* Main.storyboard */,
				3259B9551FA399D8009142B7 /* Assets.xcassets */,
				3259B9571FA399D8009142B7 /* LaunchScreen.storyboard */,
				3259B95A1FA399D8009142B7 /* Info.plist */,
				3259B95B1FA399D8009142B7 /* main.m */,
			);
			path = Lesson_22_Push_Notifications;
			sourceTree = "<group>";
		};
		3259B9621FA39E6E009142B7 /* Frameworks */ = {
			isa = PBXGroup;
			children = (
				3259B9631FA39E6E009142B7 /* UserNotifications.framework */,
			);
			name = Frameworks;
			sourceTree = "<group>";
		};
/* End PBXGroup section */

/* Begin PBXNativeTarget section */
		3259B9481FA399D8009142B7 /* Lesson_22_Push_Notifications */ = {
			isa = PBXNativeTarget;
			buildConfigurationList = 3259B95F1FA399D8009142B7 /* Build configuration list for PBXNativeTarget "Lesson_22_Push_Notifications" */;
			buildPhases = (
				3259B9451FA399D8009142B7 /* Sources */,
				3259B9461FA399D8009142B7 /* Frameworks */,
				3259B9471FA399D8009142B7 /* Resources */,
			);
			buildRules = (
			);
			dependencies = (
			);
			name = Lesson_22_Push_Notifications;
			productName = Lesson_22_Push_Notifications;
			productReference = 3259B9491FA399D8009142B7 /* Lesson_22_Push_Notifications.app */;
			productType = "com.apple.product-type.application";
		};
/* End PBXNativeTarget section */

/* Begin PBXProject section */
		3259B9411FA399D8009142B7 /* Project object */ = {
			isa = PBXProject;
			attributes = {
				LastUpgradeCheck = 0900;
				ORGANIZATIONNAME = "Andrey Proskurin";
				TargetAttributes = {
					3259B9481FA399D8009142B7 = {
						CreatedOnToolsVersion = 9.0.1;
						ProvisioningStyle = Automatic;
					};
				};
			};
			buildConfigurationList = 3259B9441FA399D8009142B7 /* Build configuration list for PBXProject "Lesson_22_Push_Notifications" */;
			compatibilityVersion = "Xcode 8.0";
			developmentRegion = en;
			hasScannedForEncodings = 0;
			knownRegions = (
				en,
				Base,
			);
			mainGroup = 3259B9401FA399D8009142B7;
			productRefGroup = 3259B94A1FA399D8009142B7 /* Products */;
			projectDirPath = "";
			projectRoot = "";
			targets = (
				3259B9481FA399D8009142B7 /* Lesson_22_Push_Notifications */,
			);
		};
/* End PBXProject section */

/* Begin PBXResourcesBuildPhase section */
		3259B9471FA399D8009142B7 /* Resources */ = {
			isa = PBXResourcesBuildPhase;
			buildActionMask = 2147483647;
			files = (
				3259B9591FA399D8009142B7 /* LaunchScreen.storyboard in Resources */,
				3259B9561FA399D8009142B7 /* Assets.xcassets in Resources */,
				3259B9541FA399D8009142B7 /* Main.storyboard in Resources */,
			);
			runOnlyForDeploymentPostprocessing = 0;
		};
/* End PBXResourcesBuildPhase section */

/* Begin PBXSourcesBuildPhase section */
		3259B9451FA399D8009142B7 /* Sources */ = {
			isa = PBXSourcesBuildPhase;
			buildActionMask = 2147483647;
			files = (
				3259B9511FA399D8009142B7 /* ViewController.m in Sources */,
				3259B95C1FA399D8009142B7 /* main.m in Sources */,
				3259B94E1FA399D8009142B7 /* AppDelegate.m in Sources */,
			);
			runOnlyForDeploymentPostprocessing = 0;
		};
/* End PBXSourcesBuildPhase section */

/* Begin PBXVariantGroup section */
		3259B9521FA399D8009142B7 /* Main.storyboard */ = {
			isa = PBXVariantGroup;
			children = (
				3259B9531FA399D8009142B7 /* Base */,
			);
			name = Main.storyboard;
			sourceTree = "<group>";
		};
		3259B9571FA399D8009142B7 /* LaunchScreen.storyboard */ = {
			isa = PBXVariantGroup;
			children = (
				3259B9581FA399D8009142B7 /* Base */,
			);
			name = LaunchScreen.storyboard;
			sourceTree = "<group>";
		};
/* End PBXVariantGroup section */

/* Begin XCBuildConfiguration section */
		3259B95D1FA399D8009142B7 /* Debug */ = {
			isa = XCBuildConfiguration;
			buildSettings = {
				ALWAYS_SEARCH_USER_PATHS = NO;
				CLANG_ANALYZER_NONNULL = YES;
				CLANG_ANALYZER_NUMBER_OBJECT_CONVERSION = YES_AGGRESSIVE;
				CLANG_CXX_LANGUAGE_STANDARD = "gnu++14";
				CLANG_CXX_LIBRARY = "libc++";
				CLANG_ENABLE_MODULES = YES;
				CLANG_ENABLE_OBJC_ARC = YES;
				CLANG_WARN_BLOCK_CAPTURE_AUTORELEASING = YES;
				CLANG_WARN_BOOL_CONVERSION = YES;
				CLANG_WARN_COMMA = YES;
				CLANG_WARN_CONSTANT_CONVERSION = YES;
				CLANG_WARN_DIRECT_OBJC_ISA_USAGE = YES_ERROR;
				CLANG_WARN_DOCUMENTATION_COMMENTS = YES;
				CLANG_WARN_EMPTY_BODY = YES;
				CLANG_WARN_ENUM_CONVERSION = YES;
				CLANG_WARN_INFINITE_RECURSION = YES;
				CLANG_WARN_INT_CONVERSION = YES;
				CLANG_WARN_NON_LITERAL_NULL_CONVERSION = YES;
				CLANG_WARN_OBJC_LITERAL_CONVERSION = YES;
				CLANG_WARN_OBJC_ROOT_CLASS = YES_ERROR;
				CLANG_WARN_RANGE_LOOP_ANALYSIS = YES;
				CLANG_WARN_STRICT_PROTOTYPES = YES;
				CLANG_WARN_SUSPICIOUS_MOVE = YES;
				CLANG_WARN_UNGUARDED_AVAILABILITY = YES_AGGRESSIVE;
				CLANG_WARN_UNREACHABLE_CODE = YES;
				CLANG_WARN__DUPLICATE_METHOD_MATCH = YES;
				CODE_SIGN_IDENTITY = "iPhone Developer";
				COPY_PHASE_STRIP = NO;
				DEBUG_INFORMATION_FORMAT = dwarf;
				ENABLE_STRICT_OBJC_MSGSEND = YES;
				ENABLE_TESTABILITY = YES;
				GCC_C_LANGUAGE_STANDARD = gnu11;
				GCC_DYNAMIC_NO_PIC = NO;
				GCC_NO_COMMON_BLOCKS = YES;
				GCC_OPTIMIZATION_LEVEL = 0;
				GCC_PREPROCESSOR_DEFINITIONS = (
					"DEBUG=1",
					"$(inherited)",
				);
				GCC_WARN_64_TO_32_BIT_CONVERSION = YES;
				GCC_WARN_ABOUT_RETURN_TYPE = YES_ERROR;
				GCC_WARN_UNDECLARED_SELECTOR = YES;
				GCC_WARN_UNINITIALIZED_AUTOS = YES_AGGRESSIVE;
				GCC_WARN_UNUSED_FUNCTION = YES;
				GCC_WARN_UNUSED_VARIABLE = YES;
				IPHONEOS_DEPLOYMENT_TARGET = 11.0;
				MTL_ENABLE_DEBUG_INFO = YES;
				ONLY_ACTIVE_ARCH = YES;
				SDKROOT = iphoneos;
			};
			name = Debug;
		};
		3259B95E1FA399D8009142B7 /* Release */ = {
			isa = XCBuildConfiguration;
			buildSettings = {
				ALWAYS_SEARCH_USER_PATHS = NO;
				CLANG_ANALYZER_NONNULL = YES;
				CLANG_ANALYZER_NUMBER_OBJECT_CONVERSION = YES_AGGRESSIVE;
				CLANG_CXX_LANGUAGE_STANDARD = "gnu++14";
				CLANG_CXX_LIBRARY = "libc++";
				CLANG_ENABLE_MODULES = YES;
				CLANG_ENABLE_OBJC_ARC = YES;
				CLANG_WARN_BLOCK_CAPTURE_AUTORELEASING = YES;
				CLANG_WARN_BOOL_CONVERSION = YES;
				CLANG_WARN_COMMA = YES;
				CLANG_WARN_CONSTANT_CONVERSION = YES;
				CLANG_WARN_DIRECT_OBJC_ISA_USAGE = YES_ERROR;
				CLANG_WARN_DOCUMENTATION_COMMENTS = YES;
				CLANG_WARN_EMPTY_BODY = YES;
				CLANG_WARN_ENUM_CONVERSION = YES;
				CLANG_WARN_INFINITE_RECURSION = YES;
				CLANG_WARN_INT_CONVERSION = YES;
				CLANG_WARN_NON_LITERAL_NULL_CONVERSION = YES;
				CLANG_WARN_OBJC_LITERAL_CONVERSION = YES;
				CLANG_WARN_OBJC_ROOT_CLASS = YES_ERROR;
				CLANG_WARN_RANGE_LOOP_ANALYSIS = YES;
				CLANG_WARN_STRICT_PROTOTYPES = YES;
				CLANG_WARN_SUSPICIOUS_MOVE = YES;
				CLANG_WARN_UNGUARDED_AVAILABILITY = YES_AGGRESSIVE;
				CLANG_WARN_UNREACHABLE_CODE = YES;
				CLANG_WARN__DUPLICATE_METHOD_MATCH = YES;
				CODE_SIGN_IDENTITY = "iPhone Developer";
				COPY_PHASE_STRIP = NO;
				DEBUG_INFORMATION_FORMAT = "dwarf-with-dsym";
				ENABLE_NS_ASSERTIONS = NO;
				ENABLE_STRICT_OBJC_MSGSEND = YES;
				GCC_C_LANGUAGE_STANDARD = gnu11;
				GCC_NO_COMMON_BLOCKS = YES;
				GCC_WARN_64_TO_32_BIT_CONVERSION = YES;
				GCC_WARN_ABOUT_RETURN_TYPE = YES_ERROR;
				GCC_WARN_UNDECLARED_SELECTOR = YES;
				GCC_WARN_UNINITIALIZED_AUTOS = YES_AGGRESSIVE;
				GCC_WARN_UNUSED_FUNCTION = YES;
				GCC_WARN_UNUSED_VARIABLE = YES;
				IPHONEOS_DEPLOYMENT_TARGET = 11.0;
				MTL_ENABLE_DEBUG_INFO = NO;
				SDKROOT = iphoneos;
				VALIDATE_PRODUCT = YES;
			};
			name = Release;
		};
		3259B9601FA399D8009142B7 /* Debug */ = {
			isa = XCBuildConfiguration;
			buildSettings = {
				ASSETCATALOG_COMPILER_APPICON_NAME = AppIcon;
				CODE_SIGN_STYLE = Automatic;
				DEVELOPMENT_TEAM = JW8Z5UB37A;
				INFOPLIST_FILE = Lesson_22_Push_Notifications/Info.plist;
				LD_RUNPATH_SEARCH_PATHS = "$(inherited) @executable_path/Frameworks";
				PRODUCT_BUNDLE_IDENTIFIER = "com.andreyproskurin.Lesson-22-Push-Notifications";
				PRODUCT_NAME = "$(TARGET_NAME)";
				TARGETED_DEVICE_FAMILY = "1,2";
			};
			name = Debug;
		};
		3259B9611FA399D8009142B7 /* Release */ = {
			isa = XCBuildConfiguration;
			buildSettings = {
				ASSETCATALOG_COMPILER_APPICON_NAME = AppIcon;
				CODE_SIGN_STYLE = Automatic;
				DEVELOPMENT_TEAM = JW8Z5UB37A;
				INFOPLIST_FILE = Lesson_22_Push_Notifications/Info.plist;
				LD_RUNPATH_SEARCH_PATHS = "$(inherited) @executable_path/Frameworks";
				PRODUCT_BUNDLE_IDENTIFIER = "com.andreyproskurin.Lesson-22-Push-Notifications";
				PRODUCT_NAME = "$(TARGET_NAME)";
				TARGETED_DEVICE_FAMILY = "1,2";
			};
			name = Release;
		};
/* End XCBuildConfiguration section */

/* Begin XCConfigurationList section */
		3259B9441FA399D8009142B7 /* Build configuration list for PBXProject "Lesson_22_Push_Notifications" */ = {
			isa = XCConfigurationList;
			buildConfigurations = (
				3259B95D1FA399D8009142B7 /* Debug */,
				3259B95E1FA399D8009142B7 /* Release */,
			);
			defaultConfigurationIsVisible = 0;
			defaultConfigurationName = Release;
		};
		3259B95F1FA399D8009142B7 /* Build configuration list for PBXNativeTarget "Lesson_22_Push_Notifications" */ = {
			isa = XCConfigurationList;
			buildConfigurations = (
				3259B9601FA399D8009142B7 /* Debug */,
				3259B9611FA399D8009142B7 /* Release */,
			);
			defaultConfigurationIsVisible = 0;
			defaultConfigurationName = Release;
		};
/* End XCConfigurationList section */
	};
	rootObject = 3259B9411FA399D8009142B7 /* Project object */;
}
